
Microsoft Visual Studio Solution File, Format Version 12.00
# Visual Studio 15
VisualStudioVersion = 15.0.28010.2048
MinimumVisualStudioVersion = 10.0.40219.1
Project("{9A19103F-16F7-4668-BE54-9A1E7A4F7556}") = "WBase.Unity", "WBase.Unity\WBase.Unity.csproj", "{ED2A224C-D3E1-4B7E-B025-5B1119B6CF29}"
EndProject
Project("{9A19103F-16F7-4668-BE54-9A1E7A4F7556}") = "WBase.Core", "WBase.Core\WBase.Core.csproj", "{32AC3C16-1C7E-4753-BDA7-C46488331CC1}"
EndProject
Global
	GlobalSection(SolutionConfigurationPlatforms) = preSolution
		Debug|Any CPU = Debug|Any CPU
		Release|Any CPU = Release|Any CPU
	EndGlobalSection
	GlobalSection(ProjectConfigurationPlatforms) = postSolution
		{ED2A224C-D3E1-4B7E-B025-5B1119B6CF29}.Debug|Any CPU.ActiveCfg = Debug|Any CPU
		{ED2A224C-D3E1-4B7E-B025-5B1119B6CF29}.Debug|Any CPU.Build.0 = Debug|Any CPU
		{ED2A224C-D3E1-4B7E-B025-5B1119B6CF29}.Release|Any CPU.ActiveCfg = Release|Any CPU
		{ED2A224C-D3E1-4B7E-B025-5B1119B6CF29}.Release|Any CPU.Build.0 = Release|Any CPU
		{32AC3C16-1C7E-4753-BDA7-C46488331CC1}.Debug|Any CPU.ActiveCfg = Debug|Any CPU
		{32AC3C16-1C7E-4753-BDA7-C46488331CC1}.Debug|Any CPU.Build.0 = Debug|Any CPU
		{32AC3C16-1C7E-4753-BDA7-C46488331CC1}.Release|Any CPU.ActiveCfg = Release|Any CPU
		{32AC3C16-1C7E-4753-BDA7-C46488331CC1}.Release|Any CPU.Build.0 = Release|Any CPU
	EndGlobalSection
	GlobalSection(SolutionProperties) = preSolution
		HideSolutionNode = FALSE
	EndGlobalSection
	GlobalSection(ExtensibilityGlobals) = postSolution
		SolutionGuid = {507F8B81-C012-42CF-BD23-0EE2A6DF31AC}
	EndGlobalSection
EndGlobal
